// !$*UTF8*$!
{
	archiveVersion = 1;
	classes = {
	};
	objectVersion = 46;
	objects = {

/* Begin PBXBuildFile section */
		D1752AB91CBD491B00A0E9AD /* SpeakersViewController.m in Sources */ = {isa = PBXBuildFile; fileRef = D1752AB81CBD491B00A0E9AD /* SpeakersViewController.m */; };
		D1752ABA1CBD491B00A0E9AD /* SpeakersViewController.m in Sources */ = {isa = PBXBuildFile; fileRef = D1752AB81CBD491B00A0E9AD /* SpeakersViewController.m */; };
		D1752ABD1CBD495400A0E9AD /* ExhiptorsViewController.m in Sources */ = {isa = PBXBuildFile; fileRef = D1752ABC1CBD495400A0E9AD /* ExhiptorsViewController.m */; };
		D1752ABE1CBD495400A0E9AD /* ExhiptorsViewController.m in Sources */ = {isa = PBXBuildFile; fileRef = D1752ABC1CBD495400A0E9AD /* ExhiptorsViewController.m */; };
		D192BA0B1CB3F578003F1019 /* Speaker.m in Sources */ = {isa = PBXBuildFile; fileRef = D192BA0A1CB3F578003F1019 /* Speaker.m */; };
		D192BA0E1CB41368003F1019 /* CoreDataManager.m in Sources */ = {isa = PBXBuildFile; fileRef = D192BA0D1CB41368003F1019 /* CoreDataManager.m */; };
		D192D2AB1CB2AC1600BEC2C5 /* Foundation.framework in Frameworks */ = {isa = PBXBuildFile; fileRef = D192D2AA1CB2AC1600BEC2C5 /* Foundation.framework */; };
		D192D2AD1CB2AC1600BEC2C5 /* CoreGraphics.framework in Frameworks */ = {isa = PBXBuildFile; fileRef = D192D2AC1CB2AC1600BEC2C5 /* CoreGraphics.framework */; };
		D192D2AF1CB2AC1600BEC2C5 /* UIKit.framework in Frameworks */ = {isa = PBXBuildFile; fileRef = D192D2AE1CB2AC1600BEC2C5 /* UIKit.framework */; };
		D192D2B11CB2AC1600BEC2C5 /* CoreData.framework in Frameworks */ = {isa = PBXBuildFile; fileRef = D192D2B01CB2AC1600BEC2C5 /* CoreData.framework */; };
		D192D2B71CB2AC1600BEC2C5 /* InfoPlist.strings in Resources */ = {isa = PBXBuildFile; fileRef = D192D2B51CB2AC1600BEC2C5 /* InfoPlist.strings */; };
		D192D2B91CB2AC1600BEC2C5 /* main.m in Sources */ = {isa = PBXBuildFile; fileRef = D192D2B81CB2AC1600BEC2C5 /* main.m */; };
		D192D2BD1CB2AC1600BEC2C5 /* IOSAppDelegate.m in Sources */ = {isa = PBXBuildFile; fileRef = D192D2BC1CB2AC1600BEC2C5 /* IOSAppDelegate.m */; };
		D192D2C01CB2AC1600BEC2C5 /* DBProject.xcdatamodeld in Sources */ = {isa = PBXBuildFile; fileRef = D192D2BE1CB2AC1600BEC2C5 /* DBProject.xcdatamodeld */; };
		D192D2C21CB2AC1600BEC2C5 /* Images.xcassets in Resources */ = {isa = PBXBuildFile; fileRef = D192D2C11CB2AC1600BEC2C5 /* Images.xcassets */; };
		D192D2C91CB2AC1700BEC2C5 /* XCTest.framework in Frameworks */ = {isa = PBXBuildFile; fileRef = D192D2C81CB2AC1700BEC2C5 /* XCTest.framework */; };
		D192D2CA1CB2AC1700BEC2C5 /* Foundation.framework in Frameworks */ = {isa = PBXBuildFile; fileRef = D192D2AA1CB2AC1600BEC2C5 /* Foundation.framework */; };
		D192D2CB1CB2AC1700BEC2C5 /* UIKit.framework in Frameworks */ = {isa = PBXBuildFile; fileRef = D192D2AE1CB2AC1600BEC2C5 /* UIKit.framework */; };
		D192D2CC1CB2AC1700BEC2C5 /* CoreData.framework in Frameworks */ = {isa = PBXBuildFile; fileRef = D192D2B01CB2AC1600BEC2C5 /* CoreData.framework */; };
		D192D2D41CB2AC1700BEC2C5 /* InfoPlist.strings in Resources */ = {isa = PBXBuildFile; fileRef = D192D2D21CB2AC1700BEC2C5 /* InfoPlist.strings */; };
		D192D2D61CB2AC1700BEC2C5 /* DBProjectTests.m in Sources */ = {isa = PBXBuildFile; fileRef = D192D2D51CB2AC1700BEC2C5 /* DBProjectTests.m */; };
		D192D2E01CB2AC7200BEC2C5 /* Storyboard.storyboard in Resources */ = {isa = PBXBuildFile; fileRef = D192D2DF1CB2AC7200BEC2C5 /* Storyboard.storyboard */; };
		D19360AF1CB2E15A003166FB /* PhonesOfSpeakers.m in Sources */ = {isa = PBXBuildFile; fileRef = D19360AE1CB2E15A003166FB /* PhonesOfSpeakers.m */; };
		D19360B21CB2E15B003166FB /* MobilesOfSpeakers.m in Sources */ = {isa = PBXBuildFile; fileRef = D19360B11CB2E15B003166FB /* MobilesOfSpeakers.m */; };
		D19360B81CB2E766003166FB /* Exhiptors.m in Sources */ = {isa = PBXBuildFile; fileRef = D19360B71CB2E766003166FB /* Exhiptors.m */; };
		D19360BB1CB2E767003166FB /* PhonesOfExhiptors.m in Sources */ = {isa = PBXBuildFile; fileRef = D19360BA1CB2E767003166FB /* PhonesOfExhiptors.m */; };
		D19360BE1CB2E768003166FB /* MobilesOfExhiptors.m in Sources */ = {isa = PBXBuildFile; fileRef = D19360BD1CB2E768003166FB /* MobilesOfExhiptors.m */; };
		D193D47F1CBCFAAF00BC0EC0 /* Agenda.m in Sources */ = {isa = PBXBuildFile; fileRef = D193D47E1CBCFAAF00BC0EC0 /* Agenda.m */; };
		D193D4821CBCFAB000BC0EC0 /* Sessions.m in Sources */ = {isa = PBXBuildFile; fileRef = D193D4811CBCFAB000BC0EC0 /* Sessions.m */; };
		D1A1DEA91CBAC0660052CDED /* UserPhones.m in Sources */ = {isa = PBXBuildFile; fileRef = D1A1DEA81CBAC0660052CDED /* UserPhones.m */; };
		D1A1DEAC1CBAC0670052CDED /* UserMobiles.m in Sources */ = {isa = PBXBuildFile; fileRef = D1A1DEAB1CBAC0670052CDED /* UserMobiles.m */; };
		D1A1DEAF1CBAC0680052CDED /* AllSpeakerPhone.m in Sources */ = {isa = PBXBuildFile; fileRef = D1A1DEAE1CBAC0670052CDED /* AllSpeakerPhone.m */; };
		D1A1DEB21CBAC0680052CDED /* AllSpeakers.m in Sources */ = {isa = PBXBuildFile; fileRef = D1A1DEB11CBAC0680052CDED /* AllSpeakers.m */; };
		D1A1DEB51CBAC0680052CDED /* AllSpeakersMobiles.m in Sources */ = {isa = PBXBuildFile; fileRef = D1A1DEB41CBAC0680052CDED /* AllSpeakersMobiles.m */; };
		D1A1DEB81CBAC0680052CDED /* User.m in Sources */ = {isa = PBXBuildFile; fileRef = D1A1DEB71CBAC0680052CDED /* User.m */; };
		D1B3111C1CB9259B00FEE17A /* IOSAgenda.m in Sources */ = {isa = PBXBuildFile; fileRef = D1B3111B1CB9259A00FEE17A /* IOSAgenda.m */; };
		D1B3111F1CB932E100FEE17A /* IOSMainMenu.m in Sources */ = {isa = PBXBuildFile; fileRef = D1B3111E1CB932E100FEE17A /* IOSMainMenu.m */; };
		D1B311231CB9407D00FEE17A /* f.png in Resources */ = {isa = PBXBuildFile; fileRef = D1B311211CB9407D00FEE17A /* f.png */; };
		D1B311241CB9407D00FEE17A /* m.png in Resources */ = {isa = PBXBuildFile; fileRef = D1B311221CB9407D00FEE17A /* m.png */; };
/* End PBXBuildFile section */

/* Begin PBXContainerItemProxy section */
		D192D2CD1CB2AC1700BEC2C5 /* PBXContainerItemProxy */ = {
			isa = PBXContainerItemProxy;
			containerPortal = D192D29F1CB2AC1600BEC2C5 /* Project object */;
			proxyType = 1;
			remoteGlobalIDString = D192D2A61CB2AC1600BEC2C5;
			remoteInfo = DBProject;
		};
/* End PBXContainerItemProxy section */

/* Begin PBXFileReference section */
		D1752AB71CBD491B00A0E9AD /* SpeakersViewController.h */ = {isa = PBXFileReference; fileEncoding = 4; lastKnownFileType = sourcecode.c.h; path = SpeakersViewController.h; sourceTree = "<group>"; };
		D1752AB81CBD491B00A0E9AD /* SpeakersViewController.m */ = {isa = PBXFileReference; fileEncoding = 4; lastKnownFileType = sourcecode.c.objc; path = SpeakersViewController.m; sourceTree = "<group>"; };
		D1752ABB1CBD495400A0E9AD /* ExhiptorsViewController.h */ = {isa = PBXFileReference; fileEncoding = 4; lastKnownFileType = sourcecode.c.h; path = ExhiptorsViewController.h; sourceTree = "<group>"; };
		D1752ABC1CBD495400A0E9AD /* ExhiptorsViewController.m */ = {isa = PBXFileReference; fileEncoding = 4; lastKnownFileType = sourcecode.c.objc; path = ExhiptorsViewController.m; sourceTree = "<group>"; };
		D192BA091CB3F578003F1019 /* Speaker.h */ = {isa = PBXFileReference; fileEncoding = 4; lastKnownFileType = sourcecode.c.h; name = Speaker.h; path = DBProject/Speaker.h; sourceTree = "<group>"; };
		D192BA0A1CB3F578003F1019 /* Speaker.m */ = {isa = PBXFileReference; fileEncoding = 4; lastKnownFileType = sourcecode.c.objc; name = Speaker.m; path = DBProject/Speaker.m; sourceTree = "<group>"; };
		D192BA0C1CB41368003F1019 /* CoreDataManager.h */ = {isa = PBXFileReference; fileEncoding = 4; lastKnownFileType = sourcecode.c.h; path = CoreDataManager.h; sourceTree = "<group>"; };
		D192BA0D1CB41368003F1019 /* CoreDataManager.m */ = {isa = PBXFileReference; fileEncoding = 4; lastKnownFileType = sourcecode.c.objc; path = CoreDataManager.m; sourceTree = "<group>"; };
		D192D2A71CB2AC1600BEC2C5 /* DBProject.app */ = {isa = PBXFileReference; explicitFileType = wrapper.application; includeInIndex = 0; path = DBProject.app; sourceTree = BUILT_PRODUCTS_DIR; };
		D192D2AA1CB2AC1600BEC2C5 /* Foundation.framework */ = {isa = PBXFileReference; lastKnownFileType = wrapper.framework; name = Foundation.framework; path = System/Library/Frameworks/Foundation.framework; sourceTree = SDKROOT; };
		D192D2AC1CB2AC1600BEC2C5 /* CoreGraphics.framework */ = {isa = PBXFileReference; lastKnownFileType = wrapper.framework; name = CoreGraphics.framework; path = System/Library/Frameworks/CoreGraphics.framework; sourceTree = SDKROOT; };
		D192D2AE1CB2AC1600BEC2C5 /* UIKit.framework */ = {isa = PBXFileReference; lastKnownFileType = wrapper.framework; name = UIKit.framework; path = System/Library/Frameworks/UIKit.framework; sourceTree = SDKROOT; };
		D192D2B01CB2AC1600BEC2C5 /* CoreData.framework */ = {isa = PBXFileReference; lastKnownFileType = wrapper.framework; name = CoreData.framework; path = System/Library/Frameworks/CoreData.framework; sourceTree = SDKROOT; };
		D192D2B41CB2AC1600BEC2C5 /* DBProject-Info.plist */ = {isa = PBXFileReference; lastKnownFileType = text.plist.xml; path = "DBProject-Info.plist"; sourceTree = "<group>"; };
		D192D2B61CB2AC1600BEC2C5 /* en */ = {isa = PBXFileReference; lastKnownFileType = text.plist.strings; name = en; path = en.lproj/InfoPlist.strings; sourceTree = "<group>"; };
		D192D2B81CB2AC1600BEC2C5 /* main.m */ = {isa = PBXFileReference; lastKnownFileType = sourcecode.c.objc; path = main.m; sourceTree = "<group>"; };
		D192D2BA1CB2AC1600BEC2C5 /* DBProject-Prefix.pch */ = {isa = PBXFileReference; lastKnownFileType = sourcecode.c.h; path = "DBProject-Prefix.pch"; sourceTree = "<group>"; };
		D192D2BB1CB2AC1600BEC2C5 /* IOSAppDelegate.h */ = {isa = PBXFileReference; lastKnownFileType = sourcecode.c.h; path = IOSAppDelegate.h; sourceTree = "<group>"; };
		D192D2BC1CB2AC1600BEC2C5 /* IOSAppDelegate.m */ = {isa = PBXFileReference; lastKnownFileType = sourcecode.c.objc; path = IOSAppDelegate.m; sourceTree = "<group>"; };
		D192D2BF1CB2AC1600BEC2C5 /* DBProject.xcdatamodel */ = {isa = PBXFileReference; lastKnownFileType = wrapper.xcdatamodel; path = DBProject.xcdatamodel; sourceTree = "<group>"; };
		D192D2C11CB2AC1600BEC2C5 /* Images.xcassets */ = {isa = PBXFileReference; lastKnownFileType = folder.assetcatalog; path = Images.xcassets; sourceTree = "<group>"; };
		D192D2C71CB2AC1700BEC2C5 /* DBProjectTests.xctest */ = {isa = PBXFileReference; explicitFileType = wrapper.cfbundle; includeInIndex = 0; path = DBProjectTests.xctest; sourceTree = BUILT_PRODUCTS_DIR; };
		D192D2C81CB2AC1700BEC2C5 /* XCTest.framework */ = {isa = PBXFileReference; lastKnownFileType = wrapper.framework; name = XCTest.framework; path = Library/Frameworks/XCTest.framework; sourceTree = DEVELOPER_DIR; };
		D192D2D11CB2AC1700BEC2C5 /* DBProjectTests-Info.plist */ = {isa = PBXFileReference; lastKnownFileType = text.plist.xml; path = "DBProjectTests-Info.plist"; sourceTree = "<group>"; };
		D192D2D31CB2AC1700BEC2C5 /* en */ = {isa = PBXFileReference; lastKnownFileType = text.plist.strings; name = en; path = en.lproj/InfoPlist.strings; sourceTree = "<group>"; };
		D192D2D51CB2AC1700BEC2C5 /* DBProjectTests.m */ = {isa = PBXFileReference; lastKnownFileType = sourcecode.c.objc; path = DBProjectTests.m; sourceTree = "<group>"; };
		D192D2DF1CB2AC7200BEC2C5 /* Storyboard.storyboard */ = {isa = PBXFileReference; fileEncoding = 4; lastKnownFileType = file.storyboard; path = Storyboard.storyboard; sourceTree = "<group>"; };
		D19360AD1CB2E15A003166FB /* PhonesOfSpeakers.h */ = {isa = PBXFileReference; fileEncoding = 4; lastKnownFileType = sourcecode.c.h; name = PhonesOfSpeakers.h; path = DBProject/PhonesOfSpeakers.h; sourceTree = "<group>"; };
		D19360AE1CB2E15A003166FB /* PhonesOfSpeakers.m */ = {isa = PBXFileReference; fileEncoding = 4; lastKnownFileType = sourcecode.c.objc; name = PhonesOfSpeakers.m; path = DBProject/PhonesOfSpeakers.m; sourceTree = "<group>"; };
		D19360B01CB2E15B003166FB /* MobilesOfSpeakers.h */ = {isa = PBXFileReference; fileEncoding = 4; lastKnownFileType = sourcecode.c.h; name = MobilesOfSpeakers.h; path = DBProject/MobilesOfSpeakers.h; sourceTree = "<group>"; };
		D19360B11CB2E15B003166FB /* MobilesOfSpeakers.m */ = {isa = PBXFileReference; fileEncoding = 4; lastKnownFileType = sourcecode.c.objc; name = MobilesOfSpeakers.m; path = DBProject/MobilesOfSpeakers.m; sourceTree = "<group>"; };
		D19360B61CB2E766003166FB /* Exhiptors.h */ = {isa = PBXFileReference; fileEncoding = 4; lastKnownFileType = sourcecode.c.h; name = Exhiptors.h; path = DBProject/Exhiptors.h; sourceTree = "<group>"; };
		D19360B71CB2E766003166FB /* Exhiptors.m */ = {isa = PBXFileReference; fileEncoding = 4; lastKnownFileType = sourcecode.c.objc; name = Exhiptors.m; path = DBProject/Exhiptors.m; sourceTree = "<group>"; };
		D19360B91CB2E767003166FB /* PhonesOfExhiptors.h */ = {isa = PBXFileReference; fileEncoding = 4; lastKnownFileType = sourcecode.c.h; name = PhonesOfExhiptors.h; path = DBProject/PhonesOfExhiptors.h; sourceTree = "<group>"; };
		D19360BA1CB2E767003166FB /* PhonesOfExhiptors.m */ = {isa = PBXFileReference; fileEncoding = 4; lastKnownFileType = sourcecode.c.objc; name = PhonesOfExhiptors.m; path = DBProject/PhonesOfExhiptors.m; sourceTree = "<group>"; };
		D19360BC1CB2E768003166FB /* MobilesOfExhiptors.h */ = {isa = PBXFileReference; fileEncoding = 4; lastKnownFileType = sourcecode.c.h; name = MobilesOfExhiptors.h; path = DBProject/MobilesOfExhiptors.h; sourceTree = "<group>"; };
		D19360BD1CB2E768003166FB /* MobilesOfExhiptors.m */ = {isa = PBXFileReference; fileEncoding = 4; lastKnownFileType = sourcecode.c.objc; name = MobilesOfExhiptors.m; path = DBProject/MobilesOfExhiptors.m; sourceTree = "<group>"; };
		D193D47D1CBCFAAF00BC0EC0 /* Agenda.h */ = {isa = PBXFileReference; fileEncoding = 4; lastKnownFileType = sourcecode.c.h; name = Agenda.h; path = DBProject/Agenda.h; sourceTree = "<group>"; };
		D193D47E1CBCFAAF00BC0EC0 /* Agenda.m */ = {isa = PBXFileReference; fileEncoding = 4; lastKnownFileType = sourcecode.c.objc; name = Agenda.m; path = DBProject/Agenda.m; sourceTree = "<group>"; };
		D193D4801CBCFAB000BC0EC0 /* Sessions.h */ = {isa = PBXFileReference; fileEncoding = 4; lastKnownFileType = sourcecode.c.h; name = Sessions.h; path = DBProject/Sessions.h; sourceTree = "<group>"; };
		D193D4811CBCFAB000BC0EC0 /* Sessions.m */ = {isa = PBXFileReference; fileEncoding = 4; lastKnownFileType = sourcecode.c.objc; name = Sessions.m; path = DBProject/Sessions.m; sourceTree = "<group>"; };
		D19848061CBD4E4400953B78 /* IOSprotocolTest.h */ = {isa = PBXFileReference; lastKnownFileType = sourcecode.c.h; path = IOSprotocolTest.h; sourceTree = "<group>"; };
		D1A1DEA71CBAC0660052CDED /* UserPhones.h */ = {isa = PBXFileReference; fileEncoding = 4; lastKnownFileType = sourcecode.c.h; path = UserPhones.h; sourceTree = "<group>"; };
		D1A1DEA81CBAC0660052CDED /* UserPhones.m */ = {isa = PBXFileReference; fileEncoding = 4; lastKnownFileType = sourcecode.c.objc; path = UserPhones.m; sourceTree = "<group>"; };
		D1A1DEAA1CBAC0670052CDED /* UserMobiles.h */ = {isa = PBXFileReference; fileEncoding = 4; lastKnownFileType = sourcecode.c.h; path = UserMobiles.h; sourceTree = "<group>"; };
		D1A1DEAB1CBAC0670052CDED /* UserMobiles.m */ = {isa = PBXFileReference; fileEncoding = 4; lastKnownFileType = sourcecode.c.objc; path = UserMobiles.m; sourceTree = "<group>"; };
		D1A1DEAD1CBAC0670052CDED /* AllSpeakerPhone.h */ = {isa = PBXFileReference; fileEncoding = 4; lastKnownFileType = sourcecode.c.h; path = AllSpeakerPhone.h; sourceTree = "<group>"; };
		D1A1DEAE1CBAC0670052CDED /* AllSpeakerPhone.m */ = {isa = PBXFileReference; fileEncoding = 4; lastKnownFileType = sourcecode.c.objc; path = AllSpeakerPhone.m; sourceTree = "<group>"; };
		D1A1DEB01CBAC0680052CDED /* AllSpeakers.h */ = {isa = PBXFileReference; fileEncoding = 4; lastKnownFileType = sourcecode.c.h; path = AllSpeakers.h; sourceTree = "<group>"; };
		D1A1DEB11CBAC0680052CDED /* AllSpeakers.m */ = {isa = PBXFileReference; fileEncoding = 4; lastKnownFileType = sourcecode.c.objc; path = AllSpeakers.m; sourceTree = "<group>"; };
		D1A1DEB31CBAC0680052CDED /* AllSpeakersMobiles.h */ = {isa = PBXFileReference; fileEncoding = 4; lastKnownFileType = sourcecode.c.h; path = AllSpeakersMobiles.h; sourceTree = "<group>"; };
		D1A1DEB41CBAC0680052CDED /* AllSpeakersMobiles.m */ = {isa = PBXFileReference; fileEncoding = 4; lastKnownFileType = sourcecode.c.objc; path = AllSpeakersMobiles.m; sourceTree = "<group>"; };
		D1A1DEB61CBAC0680052CDED /* User.h */ = {isa = PBXFileReference; fileEncoding = 4; lastKnownFileType = sourcecode.c.h; path = User.h; sourceTree = "<group>"; };
		D1A1DEB71CBAC0680052CDED /* User.m */ = {isa = PBXFileReference; fileEncoding = 4; lastKnownFileType = sourcecode.c.objc; path = User.m; sourceTree = "<group>"; };
		D1B3111A1CB9259A00FEE17A /* IOSAgenda.h */ = {isa = PBXFileReference; fileEncoding = 4; lastKnownFileType = sourcecode.c.h; path = IOSAgenda.h; sourceTree = "<group>"; };
		D1B3111B1CB9259A00FEE17A /* IOSAgenda.m */ = {isa = PBXFileReference; fileEncoding = 4; lastKnownFileType = sourcecode.c.objc; path = IOSAgenda.m; sourceTree = "<group>"; };
		D1B3111D1CB932E100FEE17A /* IOSMainMenu.h */ = {isa = PBXFileReference; fileEncoding = 4; lastKnownFileType = sourcecode.c.h; path = IOSMainMenu.h; sourceTree = "<group>"; };
		D1B3111E1CB932E100FEE17A /* IOSMainMenu.m */ = {isa = PBXFileReference; fileEncoding = 4; lastKnownFileType = sourcecode.c.objc; path = IOSMainMenu.m; sourceTree = "<group>"; };
		D1B311211CB9407D00FEE17A /* f.png */ = {isa = PBXFileReference; lastKnownFileType = image.png; path = f.png; sourceTree = "<group>"; };
		D1B311221CB9407D00FEE17A /* m.png */ = {isa = PBXFileReference; lastKnownFileType = image.png; path = m.png; sourceTree = "<group>"; };
/* End PBXFileReference section */

/* Begin PBXFrameworksBuildPhase section */
		D192D2A41CB2AC1600BEC2C5 /* Frameworks */ = {
			isa = PBXFrameworksBuildPhase;
			buildActionMask = 2147483647;
			files = (
				D192D2AD1CB2AC1600BEC2C5 /* CoreGraphics.framework in Frameworks */,
				D192D2B11CB2AC1600BEC2C5 /* CoreData.framework in Frameworks */,
				D192D2AF1CB2AC1600BEC2C5 /* UIKit.framework in Frameworks */,
				D192D2AB1CB2AC1600BEC2C5 /* Foundation.framework in Frameworks */,
			);
			runOnlyForDeploymentPostprocessing = 0;
		};
		D192D2C41CB2AC1700BEC2C5 /* Frameworks */ = {
			isa = PBXFrameworksBuildPhase;
			buildActionMask = 2147483647;
			files = (
				D192D2C91CB2AC1700BEC2C5 /* XCTest.framework in Frameworks */,
				D192D2CC1CB2AC1700BEC2C5 /* CoreData.framework in Frameworks */,
				D192D2CB1CB2AC1700BEC2C5 /* UIKit.framework in Frameworks */,
				D192D2CA1CB2AC1700BEC2C5 /* Foundation.framework in Frameworks */,
			);
			runOnlyForDeploymentPostprocessing = 0;
		};
/* End PBXFrameworksBuildPhase section */

/* Begin PBXGroup section */
		D192BA0F1CB41372003F1019 /* CoreDataManager */ = {
			isa = PBXGroup;
			children = (
				D192BA0C1CB41368003F1019 /* CoreDataManager.h */,
				D192BA0D1CB41368003F1019 /* CoreDataManager.m */,
			);
			name = CoreDataManager;
			sourceTree = "<group>";
		};
		D192D29E1CB2AC1600BEC2C5 = {
			isa = PBXGroup;
			children = (
				D1B311201CB9406100FEE17A /* Other Files */,
				D1B311161CB91A8E00FEE17A /* Agenda View */,
				D1B311121CB90C0400FEE17A /* Main Menu */,
				D192BA0F1CB41372003F1019 /* CoreDataManager */,
				D19360B51CB2E3E0003166FB /* beans */,
				D192D2B21CB2AC1600BEC2C5 /* DBProject */,
				D192D2CF1CB2AC1700BEC2C5 /* DBProjectTests */,
				D192D2A91CB2AC1600BEC2C5 /* Frameworks */,
				D192D2A81CB2AC1600BEC2C5 /* Products */,
			);
			sourceTree = "<group>";
		};
		D192D2A81CB2AC1600BEC2C5 /* Products */ = {
			isa = PBXGroup;
			children = (
				D192D2A71CB2AC1600BEC2C5 /* DBProject.app */,
				D192D2C71CB2AC1700BEC2C5 /* DBProjectTests.xctest */,
			);
			name = Products;
			sourceTree = "<group>";
		};
		D192D2A91CB2AC1600BEC2C5 /* Frameworks */ = {
			isa = PBXGroup;
			children = (
				D192D2AA1CB2AC1600BEC2C5 /* Foundation.framework */,
				D192D2AC1CB2AC1600BEC2C5 /* CoreGraphics.framework */,
				D192D2AE1CB2AC1600BEC2C5 /* UIKit.framework */,
				D192D2B01CB2AC1600BEC2C5 /* CoreData.framework */,
				D192D2C81CB2AC1700BEC2C5 /* XCTest.framework */,
			);
			name = Frameworks;
			sourceTree = "<group>";
		};
		D192D2B21CB2AC1600BEC2C5 /* DBProject */ = {
			isa = PBXGroup;
			children = (
				D192D2BB1CB2AC1600BEC2C5 /* IOSAppDelegate.h */,
				D192D2BC1CB2AC1600BEC2C5 /* IOSAppDelegate.m */,
				D192D2C11CB2AC1600BEC2C5 /* Images.xcassets */,
				D192D2BE1CB2AC1600BEC2C5 /* DBProject.xcdatamodeld */,
				D192D2B31CB2AC1600BEC2C5 /* Supporting Files */,
				D192D2DF1CB2AC7200BEC2C5 /* Storyboard.storyboard */,
			);
			path = DBProject;
			sourceTree = "<group>";
		};
		D192D2B31CB2AC1600BEC2C5 /* Supporting Files */ = {
			isa = PBXGroup;
			children = (
				D192D2B41CB2AC1600BEC2C5 /* DBProject-Info.plist */,
				D192D2B51CB2AC1600BEC2C5 /* InfoPlist.strings */,
				D192D2B81CB2AC1600BEC2C5 /* main.m */,
				D192D2BA1CB2AC1600BEC2C5 /* DBProject-Prefix.pch */,
			);
			name = "Supporting Files";
			sourceTree = "<group>";
		};
		D192D2CF1CB2AC1700BEC2C5 /* DBProjectTests */ = {
			isa = PBXGroup;
			children = (
				D192D2D51CB2AC1700BEC2C5 /* DBProjectTests.m */,
				D192D2D01CB2AC1700BEC2C5 /* Supporting Files */,
			);
			path = DBProjectTests;
			sourceTree = "<group>";
		};
		D192D2D01CB2AC1700BEC2C5 /* Supporting Files */ = {
			isa = PBXGroup;
			children = (
				D192D2D11CB2AC1700BEC2C5 /* DBProjectTests-Info.plist */,
				D192D2D21CB2AC1700BEC2C5 /* InfoPlist.strings */,
			);
			name = "Supporting Files";
			sourceTree = "<group>";
		};
		D19360A81CB2DFEA003166FB /* speaker */ = {
			isa = PBXGroup;
			children = (
				D192BA091CB3F578003F1019 /* Speaker.h */,
				D192BA0A1CB3F578003F1019 /* Speaker.m */,
				D19360B41CB2E16B003166FB /* mobiles */,
				D19360B31CB2E161003166FB /* phones */,
			);
			name = speaker;
			sourceTree = "<group>";
		};
		D19360B31CB2E161003166FB /* phones */ = {
			isa = PBXGroup;
			children = (
				D19360AD1CB2E15A003166FB /* PhonesOfSpeakers.h */,
				D19360AE1CB2E15A003166FB /* PhonesOfSpeakers.m */,
			);
			name = phones;
			sourceTree = "<group>";
		};
		D19360B41CB2E16B003166FB /* mobiles */ = {
			isa = PBXGroup;
			children = (
				D19360B01CB2E15B003166FB /* MobilesOfSpeakers.h */,
				D19360B11CB2E15B003166FB /* MobilesOfSpeakers.m */,
			);
			name = mobiles;
			sourceTree = "<group>";
		};
		D19360B51CB2E3E0003166FB /* beans */ = {
			isa = PBXGroup;
			children = (
				D193D4831CBCFAFE00BC0EC0 /* Agenda */,
				D1A1DEB91CBAC0720052CDED /* User */,
				D1A1DEBC1CBAC1530052CDED /* Speakers */,
				D19360C51CB2EC3E003166FB /* sessions */,
				D19360BF1CB2E77E003166FB /* exhiptor */,
				D19848061CBD4E4400953B78 /* IOSprotocolTest.h */,
			);
			name = beans;
			sourceTree = "<group>";
		};
		D19360BF1CB2E77E003166FB /* exhiptor */ = {
			isa = PBXGroup;
			children = (
				D1752ABB1CBD495400A0E9AD /* ExhiptorsViewController.h */,
				D1752ABC1CBD495400A0E9AD /* ExhiptorsViewController.m */,
				D19360C11CB2E7B2003166FB /* phones */,
				D19360C01CB2E7A8003166FB /* mobiles */,
				D19360B61CB2E766003166FB /* Exhiptors.h */,
				D19360B71CB2E766003166FB /* Exhiptors.m */,
			);
			name = exhiptor;
			sourceTree = "<group>";
		};
		D19360C01CB2E7A8003166FB /* mobiles */ = {
			isa = PBXGroup;
			children = (
				D19360BC1CB2E768003166FB /* MobilesOfExhiptors.h */,
				D19360BD1CB2E768003166FB /* MobilesOfExhiptors.m */,
			);
			name = mobiles;
			sourceTree = "<group>";
		};
		D19360C11CB2E7B2003166FB /* phones */ = {
			isa = PBXGroup;
			children = (
				D19360B91CB2E767003166FB /* PhonesOfExhiptors.h */,
				D19360BA1CB2E767003166FB /* PhonesOfExhiptors.m */,
			);
			name = phones;
			sourceTree = "<group>";
		};
		D19360C51CB2EC3E003166FB /* sessions */ = {
			isa = PBXGroup;
			children = (
				D193D4801CBCFAB000BC0EC0 /* Sessions.h */,
				D193D4811CBCFAB000BC0EC0 /* Sessions.m */,
				D19360A81CB2DFEA003166FB /* speaker */,
			);
			name = sessions;
			sourceTree = "<group>";
		};
		D193D4831CBCFAFE00BC0EC0 /* Agenda */ = {
			isa = PBXGroup;
			children = (
				D193D47D1CBCFAAF00BC0EC0 /* Agenda.h */,
				D193D47E1CBCFAAF00BC0EC0 /* Agenda.m */,
			);
			name = Agenda;
			sourceTree = "<group>";
		};
		D1A1DEB91CBAC0720052CDED /* User */ = {
			isa = PBXGroup;
			children = (
				D1A1DEB61CBAC0680052CDED /* User.h */,
				D1A1DEB71CBAC0680052CDED /* User.m */,
				D1A1DEBB1CBAC0970052CDED /* UserMobiles */,
				D1A1DEBA1CBAC0800052CDED /* UserPhones */,
			);
			name = User;
			sourceTree = "<group>";
		};
		D1A1DEBA1CBAC0800052CDED /* UserPhones */ = {
			isa = PBXGroup;
			children = (
				D1A1DEA71CBAC0660052CDED /* UserPhones.h */,
				D1A1DEA81CBAC0660052CDED /* UserPhones.m */,
			);
			name = UserPhones;
			sourceTree = "<group>";
		};
		D1A1DEBB1CBAC0970052CDED /* UserMobiles */ = {
			isa = PBXGroup;
			children = (
				D1A1DEAA1CBAC0670052CDED /* UserMobiles.h */,
				D1A1DEAB1CBAC0670052CDED /* UserMobiles.m */,
			);
			name = UserMobiles;
			sourceTree = "<group>";
		};
		D1A1DEBC1CBAC1530052CDED /* Speakers */ = {
			isa = PBXGroup;
			children = (
				D1752AB71CBD491B00A0E9AD /* SpeakersViewController.h */,
				D1752AB81CBD491B00A0E9AD /* SpeakersViewController.m */,
				D1A1DEB11CBAC0680052CDED /* AllSpeakers.m */,
				D1A1DEB01CBAC0680052CDED /* AllSpeakers.h */,
				D1A1DEBE1CBAC20A0052CDED /* Phones */,
				D1A1DEBD1CBAC1B10052CDED /* mobiles */,
			);
			name = Speakers;
			sourceTree = "<group>";
		};
		D1A1DEBD1CBAC1B10052CDED /* mobiles */ = {
			isa = PBXGroup;
			children = (
				D1A1DEB31CBAC0680052CDED /* AllSpeakersMobiles.h */,
				D1A1DEB41CBAC0680052CDED /* AllSpeakersMobiles.m */,
			);
			name = mobiles;
			sourceTree = "<group>";
		};
		D1A1DEBE1CBAC20A0052CDED /* Phones */ = {
			isa = PBXGroup;
			children = (
				D1A1DEAD1CBAC0670052CDED /* AllSpeakerPhone.h */,
				D1A1DEAE1CBAC0670052CDED /* AllSpeakerPhone.m */,
			);
			name = Phones;
			sourceTree = "<group>";
		};
		D1B311121CB90C0400FEE17A /* Main Menu */ = {
			isa = PBXGroup;
			children = (
				D1B3111D1CB932E100FEE17A /* IOSMainMenu.h */,
				D1B3111E1CB932E100FEE17A /* IOSMainMenu.m */,
			);
			name = "Main Menu";
			sourceTree = "<group>";
		};
		D1B311161CB91A8E00FEE17A /* Agenda View */ = {
			isa = PBXGroup;
			children = (
				D1B3111A1CB9259A00FEE17A /* IOSAgenda.h */,
				D1B3111B1CB9259A00FEE17A /* IOSAgenda.m */,
			);
			name = "Agenda View";
			sourceTree = "<group>";
		};
		D1B311201CB9406100FEE17A /* Other Files */ = {
			isa = PBXGroup;
			children = (
				D1B311211CB9407D00FEE17A /* f.png */,
				D1B311221CB9407D00FEE17A /* m.png */,
			);
			name = "Other Files";
			sourceTree = "<group>";
		};
/* End PBXGroup section */

/* Begin PBXNativeTarget section */
		D192D2A61CB2AC1600BEC2C5 /* DBProject */ = {
			isa = PBXNativeTarget;
			buildConfigurationList = D192D2D91CB2AC1700BEC2C5 /* Build configuration list for PBXNativeTarget "DBProject" */;
			buildPhases = (
				D192D2A31CB2AC1600BEC2C5 /* Sources */,
				D192D2A41CB2AC1600BEC2C5 /* Frameworks */,
				D192D2A51CB2AC1600BEC2C5 /* Resources */,
			);
			buildRules = (
			);
			dependencies = (
			);
			name = DBProject;
			productName = DBProject;
			productReference = D192D2A71CB2AC1600BEC2C5 /* DBProject.app */;
			productType = "com.apple.product-type.application";
		};
		D192D2C61CB2AC1700BEC2C5 /* DBProjectTests */ = {
			isa = PBXNativeTarget;
			buildConfigurationList = D192D2DC1CB2AC1700BEC2C5 /* Build configuration list for PBXNativeTarget "DBProjectTests" */;
			buildPhases = (
				D192D2C31CB2AC1700BEC2C5 /* Sources */,
				D192D2C41CB2AC1700BEC2C5 /* Frameworks */,
				D192D2C51CB2AC1700BEC2C5 /* Resources */,
			);
			buildRules = (
			);
			dependencies = (
				D192D2CE1CB2AC1700BEC2C5 /* PBXTargetDependency */,
			);
			name = DBProjectTests;
			productName = DBProjectTests;
			productReference = D192D2C71CB2AC1700BEC2C5 /* DBProjectTests.xctest */;
			productType = "com.apple.product-type.bundle.unit-test";
		};
/* End PBXNativeTarget section */

/* Begin PBXProject section */
		D192D29F1CB2AC1600BEC2C5 /* Project object */ = {
			isa = PBXProject;
			attributes = {
				CLASSPREFIX = IOS;
				LastUpgradeCheck = 0500;
				ORGANIZATIONNAME = JETS;
				TargetAttributes = {
					D192D2C61CB2AC1700BEC2C5 = {
						TestTargetID = D192D2A61CB2AC1600BEC2C5;
					};
				};
			};
			buildConfigurationList = D192D2A21CB2AC1600BEC2C5 /* Build configuration list for PBXProject "DBProject" */;
			compatibilityVersion = "Xcode 3.2";
			developmentRegion = English;
			hasScannedForEncodings = 0;
			knownRegions = (
				en,
			);
			mainGroup = D192D29E1CB2AC1600BEC2C5;
			productRefGroup = D192D2A81CB2AC1600BEC2C5 /* Products */;
			projectDirPath = "";
			projectRoot = "";
			targets = (
				D192D2A61CB2AC1600BEC2C5 /* DBProject */,
				D192D2C61CB2AC1700BEC2C5 /* DBProjectTests */,
			);
		};
/* End PBXProject section */

/* Begin PBXResourcesBuildPhase section */
		D192D2A51CB2AC1600BEC2C5 /* Resources */ = {
			isa = PBXResourcesBuildPhase;
			buildActionMask = 2147483647;
			files = (
				D192D2B71CB2AC1600BEC2C5 /* InfoPlist.strings in Resources */,
				D192D2C21CB2AC1600BEC2C5 /* Images.xcassets in Resources */,
				D1B311231CB9407D00FEE17A /* f.png in Resources */,
				D192D2E01CB2AC7200BEC2C5 /* Storyboard.storyboard in Resources */,
				D1B311241CB9407D00FEE17A /* m.png in Resources */,
			);
			runOnlyForDeploymentPostprocessing = 0;
		};
		D192D2C51CB2AC1700BEC2C5 /* Resources */ = {
			isa = PBXResourcesBuildPhase;
			buildActionMask = 2147483647;
			files = (
				D192D2D41CB2AC1700BEC2C5 /* InfoPlist.strings in Resources */,
			);
			runOnlyForDeploymentPostprocessing = 0;
		};
/* End PBXResourcesBuildPhase section */

/* Begin PBXSourcesBuildPhase section */
		D192D2A31CB2AC1600BEC2C5 /* Sources */ = {
			isa = PBXSourcesBuildPhase;
			buildActionMask = 2147483647;
			files = (
				D1752AB91CBD491B00A0E9AD /* SpeakersViewController.m in Sources */,
				D1B3111C1CB9259B00FEE17A /* IOSAgenda.m in Sources */,
				D192D2BD1CB2AC1600BEC2C5 /* IOSAppDelegate.m in Sources */,
				D193D4821CBCFAB000BC0EC0 /* Sessions.m in Sources */,
				D192BA0E1CB41368003F1019 /* CoreDataManager.m in Sources */,
				D1A1DEB51CBAC0680052CDED /* AllSpeakersMobiles.m in Sources */,
				D19360AF1CB2E15A003166FB /* PhonesOfSpeakers.m in Sources */,
				D19360BB1CB2E767003166FB /* PhonesOfExhiptors.m in Sources */,
				D19360B21CB2E15B003166FB /* MobilesOfSpeakers.m in Sources */,
				D193D47F1CBCFAAF00BC0EC0 /* Agenda.m in Sources */,
				D19360B81CB2E766003166FB /* Exhiptors.m in Sources */,
				D1752ABD1CBD495400A0E9AD /* ExhiptorsViewController.m in Sources */,
				D192D2B91CB2AC1600BEC2C5 /* main.m in Sources */,
				D1A1DEA91CBAC0660052CDED /* UserPhones.m in Sources */,
				D1A1DEAF1CBAC0680052CDED /* AllSpeakerPhone.m in Sources */,
				D19360BE1CB2E768003166FB /* MobilesOfExhiptors.m in Sources */,
				D1A1DEB21CBAC0680052CDED /* AllSpeakers.m in Sources */,
				D1B3111F1CB932E100FEE17A /* IOSMainMenu.m in Sources */,
				D1A1DEB81CBAC0680052CDED /* User.m in Sources */,
				D1A1DEAC1CBAC0670052CDED /* UserMobiles.m in Sources */,
				D192D2C01CB2AC1600BEC2C5 /* DBProject.xcdatamodeld in Sources */,
				D192BA0B1CB3F578003F1019 /* Speaker.m in Sources */,
			);
			runOnlyForDeploymentPostprocessing = 0;
		};
		D192D2C31CB2AC1700BEC2C5 /* Sources */ = {
			isa = PBXSourcesBuildPhase;
			buildActionMask = 2147483647;
			files = (
				D1752ABA1CBD491B00A0E9AD /* SpeakersViewController.m in Sources */,
				D1752ABE1CBD495400A0E9AD /* ExhiptorsViewController.m in Sources */,
				D192D2D61CB2AC1700BEC2C5 /* DBProjectTests.m in Sources */,
			);
			runOnlyForDeploymentPostprocessing = 0;
		};
/* End PBXSourcesBuildPhase section */

/* Begin PBXTargetDependency section */
		D192D2CE1CB2AC1700BEC2C5 /* PBXTargetDependency */ = {
			isa = PBXTargetDependency;
			target = D192D2A61CB2AC1600BEC2C5 /* DBProject */;
			targetProxy = D192D2CD1CB2AC1700BEC2C5 /* PBXContainerItemProxy */;
		};
/* End PBXTargetDependency section */

/* Begin PBXVariantGroup section */
		D192D2B51CB2AC1600BEC2C5 /* InfoPlist.strings */ = {
			isa = PBXVariantGroup;
			children = (
				D192D2B61CB2AC1600BEC2C5 /* en */,
			);
			name = InfoPlist.strings;
			sourceTree = "<group>";
		};
		D192D2D21CB2AC1700BEC2C5 /* InfoPlist.strings */ = {
			isa = PBXVariantGroup;
			children = (
				D192D2D31CB2AC1700BEC2C5 /* en */,
			);
			name = InfoPlist.strings;
			sourceTree = "<group>";
		};
/* End PBXVariantGroup section */

/* Begin XCBuildConfiguration section */
		D192D2D71CB2AC1700BEC2C5 /* Debug */ = {
			isa = XCBuildConfiguration;
			buildSettings = {
				ALWAYS_SEARCH_USER_PATHS = NO;
				ARCHS = "$(ARCHS_STANDARD_INCLUDING_64_BIT)";
				CLANG_CXX_LANGUAGE_STANDARD = "gnu++0x";
				CLANG_CXX_LIBRARY = "libc++";
				CLANG_ENABLE_MODULES = YES;
				CLANG_ENABLE_OBJC_ARC = YES;
				CLANG_WARN_BOOL_CONVERSION = YES;
				CLANG_WARN_CONSTANT_CONVERSION = YES;
				CLANG_WARN_DIRECT_OBJC_ISA_USAGE = YES_ERROR;
				CLANG_WARN_EMPTY_BODY = YES;
				CLANG_WARN_ENUM_CONVERSION = YES;
				CLANG_WARN_INT_CONVERSION = YES;
				CLANG_WARN_OBJC_ROOT_CLASS = YES_ERROR;
				CLANG_WARN__DUPLICATE_METHOD_MATCH = YES;
				"CODE_SIGN_IDENTITY[sdk=iphoneos*]" = "iPhone Developer";
				COPY_PHASE_STRIP = NO;
				GCC_C_LANGUAGE_STANDARD = gnu99;
				GCC_DYNAMIC_NO_PIC = NO;
				GCC_OPTIMIZATION_LEVEL = 0;
				GCC_PREPROCESSOR_DEFINITIONS = (
					"DEBUG=1",
					"$(inherited)",
				);
				GCC_SYMBOLS_PRIVATE_EXTERN = NO;
				GCC_WARN_64_TO_32_BIT_CONVERSION = YES;
				GCC_WARN_ABOUT_RETURN_TYPE = YES_ERROR;
				GCC_WARN_UNDECLARED_SELECTOR = YES;
				GCC_WARN_UNINITIALIZED_AUTOS = YES;
				GCC_WARN_UNUSED_FUNCTION = YES;
				GCC_WARN_UNUSED_VARIABLE = YES;
				IPHONEOS_DEPLOYMENT_TARGET = 7.0;
				ONLY_ACTIVE_ARCH = YES;
				SDKROOT = iphoneos;
			};
			name = Debug;
		};
		D192D2D81CB2AC1700BEC2C5 /* Release */ = {
			isa = XCBuildConfiguration;
			buildSettings = {
				ALWAYS_SEARCH_USER_PATHS = NO;
				ARCHS = "$(ARCHS_STANDARD_INCLUDING_64_BIT)";
				CLANG_CXX_LANGUAGE_STANDARD = "gnu++0x";
				CLANG_CXX_LIBRARY = "libc++";
				CLANG_ENABLE_MODULES = YES;
				CLANG_ENABLE_OBJC_ARC = YES;
				CLANG_WARN_BOOL_CONVERSION = YES;
				CLANG_WARN_CONSTANT_CONVERSION = YES;
				CLANG_WARN_DIRECT_OBJC_ISA_USAGE = YES_ERROR;
				CLANG_WARN_EMPTY_BODY = YES;
				CLANG_WARN_ENUM_CONVERSION = YES;
				CLANG_WARN_INT_CONVERSION = YES;
				CLANG_WARN_OBJC_ROOT_CLASS = YES_ERROR;
				CLANG_WARN__DUPLICATE_METHOD_MATCH = YES;
				"CODE_SIGN_IDENTITY[sdk=iphoneos*]" = "iPhone Developer";
				COPY_PHASE_STRIP = YES;
				ENABLE_NS_ASSERTIONS = NO;
				GCC_C_LANGUAGE_STANDARD = gnu99;
				GCC_WARN_64_TO_32_BIT_CONVERSION = YES;
				GCC_WARN_ABOUT_RETURN_TYPE = YES_ERROR;
				GCC_WARN_UNDECLARED_SELECTOR = YES;
				GCC_WARN_UNINITIALIZED_AUTOS = YES;
				GCC_WARN_UNUSED_FUNCTION = YES;
				GCC_WARN_UNUSED_VARIABLE = YES;
				IPHONEOS_DEPLOYMENT_TARGET = 7.0;
				SDKROOT = iphoneos;
				VALIDATE_PRODUCT = YES;
			};
			name = Release;
		};
		D192D2DA1CB2AC1700BEC2C5 /* Debug */ = {
			isa = XCBuildConfiguration;
			buildSettings = {
				ASSETCATALOG_COMPILER_APPICON_NAME = AppIcon;
				ASSETCATALOG_COMPILER_LAUNCHIMAGE_NAME = LaunchImage;
				GCC_PRECOMPILE_PREFIX_HEADER = YES;
				GCC_PREFIX_HEADER = "DBProject/DBProject-Prefix.pch";
				INFOPLIST_FILE = "DBProject/DBProject-Info.plist";
				PRODUCT_NAME = "$(TARGET_NAME)";
				WRAPPER_EXTENSION = app;
			};
			name = Debug;
		};
		D192D2DB1CB2AC1700BEC2C5 /* Release */ = {
			isa = XCBuildConfiguration;
			buildSettings = {
				ASSETCATALOG_COMPILER_APPICON_NAME = AppIcon;
				ASSETCATALOG_COMPILER_LAUNCHIMAGE_NAME = LaunchImage;
				GCC_PRECOMPILE_PREFIX_HEADER = YES;
				GCC_PREFIX_HEADER = "DBProject/DBProject-Prefix.pch";
				INFOPLIST_FILE = "DBProject/DBProject-Info.plist";
				PRODUCT_NAME = "$(TARGET_NAME)";
				WRAPPER_EXTENSION = app;
			};
			name = Release;
		};
		D192D2DD1CB2AC1700BEC2C5 /* Debug */ = {
			isa = XCBuildConfiguration;
			buildSettings = {
				ARCHS = "$(ARCHS_STANDARD_INCLUDING_64_BIT)";
				BUNDLE_LOADER = "$(BUILT_PRODUCTS_DIR)/DBProject.app/DBProject";
				FRAMEWORK_SEARCH_PATHS = (
					"$(SDKROOT)/Developer/Library/Frameworks",
					"$(inherited)",
					"$(DEVELOPER_FRAMEWORKS_DIR)",
				);
				GCC_PRECOMPILE_PREFIX_HEADER = YES;
				GCC_PREFIX_HEADER = "DBProject/DBProject-Prefix.pch";
				GCC_PREPROCESSOR_DEFINITIONS = (
					"DEBUG=1",
					"$(inherited)",
				);
				INFOPLIST_FILE = "DBProjectTests/DBProjectTests-Info.plist";
				PRODUCT_NAME = "$(TARGET_NAME)";
				TEST_HOST = "$(BUNDLE_LOADER)";
				WRAPPER_EXTENSION = xctest;
			};
			name = Debug;
		};
		D192D2DE1CB2AC1700BEC2C5 /* Release */ = {
			isa = XCBuildConfiguration;
			buildSettings = {
				ARCHS = "$(ARCHS_STANDARD_INCLUDING_64_BIT)";
				BUNDLE_LOADER = "$(BUILT_PRODUCTS_DIR)/DBProject.app/DBProject";
				FRAMEWORK_SEARCH_PATHS = (
					"$(SDKROOT)/Developer/Library/Frameworks",
					"$(inherited)",
					"$(DEVELOPER_FRAMEWORKS_DIR)",
				);
				GCC_PRECOMPILE_PREFIX_HEADER = YES;
				GCC_PREFIX_HEADER = "DBProject/DBProject-Prefix.pch";
				INFOPLIST_FILE = "DBProjectTests/DBProjectTests-Info.plist";
				PRODUCT_NAME = "$(TARGET_NAME)";
				TEST_HOST = "$(BUNDLE_LOADER)";
				WRAPPER_EXTENSION = xctest;
			};
			name = Release;
		};
/* End XCBuildConfiguration section */

/* Begin XCConfigurationList section */
		D192D2A21CB2AC1600BEC2C5 /* Build configuration list for PBXProject "DBProject" */ = {
			isa = XCConfigurationList;
			buildConfigurations = (
				D192D2D71CB2AC1700BEC2C5 /* Debug */,
				D192D2D81CB2AC1700BEC2C5 /* Release */,
			);
			defaultConfigurationIsVisible = 0;
			defaultConfigurationName = Release;
		};
		D192D2D91CB2AC1700BEC2C5 /* Build configuration list for PBXNativeTarget "DBProject" */ = {
			isa = XCConfigurationList;
			buildConfigurations = (
				D192D2DA1CB2AC1700BEC2C5 /* Debug */,
				D192D2DB1CB2AC1700BEC2C5 /* Release */,
			);
			defaultConfigurationIsVisible = 0;
			defaultConfigurationName = Release;
		};
		D192D2DC1CB2AC1700BEC2C5 /* Build configuration list for PBXNativeTarget "DBProjectTests" */ = {
			isa = XCConfigurationList;
			buildConfigurations = (
				D192D2DD1CB2AC1700BEC2C5 /* Debug */,
				D192D2DE1CB2AC1700BEC2C5 /* Release */,
			);
			defaultConfigurationIsVisible = 0;
			defaultConfigurationName = Release;
		};
/* End XCConfigurationList section */

/* Begin XCVersionGroup section */
		D192D2BE1CB2AC1600BEC2C5 /* DBProject.xcdatamodeld */ = {
			isa = XCVersionGroup;
			children = (
				D192D2BF1CB2AC1600BEC2C5 /* DBProject.xcdatamodel */,
			);
			currentVersion = D192D2BF1CB2AC1600BEC2C5 /* DBProject.xcdatamodel */;
			path = DBProject.xcdatamodeld;
			sourceTree = "<group>";
			versionGroupType = wrapper.xcdatamodel;
		};
/* End XCVersionGroup section */
	};
	rootObject = D192D29F1CB2AC1600BEC2C5 /* Project object */;
}
